github.com/reiver/go-ascii v0.0.0-20241231150941-77b5f046e732 h1:ZuWdUYMnbfBtCN/FpAPceMw1kNYNH1eGslBFmqMLTMc=
github.com/reiver/go-ascii v0.0.0-20241231150941-77b5f046e732/go.mod h1:f43/Y1zpLvqorZN0BelarPzO2GrotAQrBy3T08NUSTM=
github.com/reiver/go-cast v0.0.0-20250101182008-cd84ca728c05 h1:ZvknA0+Y+n2gK0obB3ssl31Ua6i+Ypsy6ZplZdsPXfo=
github.com/reiver/go-cast v0.0.0-20250101182008-cd84ca728c05/go.mod h1:baMIic1VWx4m5MRviwSyHFx1Z6POGMRrnVgsMvsLlAA=
github.com/reiver/go-eol v0.0.0-20241228123402-bd09ae292d56 h1:CpBXj0gkhyOX89L3n/zr7Nf90EIV5aPDQ5+EEMugXUs=
github.com/reiver/go-eol v0.0.0-20241228123402-bd09ae292d56/go.mod h1:skwhMxG345FmpnAWJLjxGsc6qQaKB7WkiPfahuvrH04=
github.com/reiver/go-erorr v0.0.0-20240801233437-8cbde6d1fa3f h1:D1QSxKHm8U73XhjsW3SFLkT0zT5pKJi+1KGboMhY1Rk=
github.com/reiver/go-erorr v0.0.0-20240801233437-8cbde6d1fa3f/go.mod h1:F0HbBf+Ak2ZlE8YkDW4Y+KxaUmT0KaaIJK6CXY3cJxE=
github.com/reiver/go-htmlescape v0.0.0-20250114014205-592635259450 h1:npqcrOWt3KkumQQI5jULw8Sq4rCfMR2PZ2WCiqmVnJk=
github.com/reiver/go-htmlescape v0.0.0-20250114014205-592635259450/go.mod h1:ky7bMnfOO2ldJvLXDw+IHVFkjNIaz2sOH0A51kG5LT0=
github.com/reiver/go-humane v0.0.0-20250101051026-1edff680dc45 h1:2JakqwjPRsBKUoTHXMX9mddtCrVOImgkj2KxyLek+Zk=
github.com/reiver/go-humane v0.0.0-20250101051026-1edff680dc45/go.mod h1:jfTsMX5lkwcv6mnIU/yrkUajKg8zzEgZuPRy1FonHr4=
github.com/reiver/go-ini v0.0.0-20250118185026-4d10cebdab46 h1:8Njb1tFiSR6crYzTnLUaOssSoyrxDab4+FO+lTJvoSQ=
github.com/reiver/go-ini v0.0.0-20250118185026-4d10cebdab46/go.mod h1:XP8aIAk5/bH3PLP5IObjMT2iCcJGNIxDipKiEJC+AJg=
github.com/reiver/go-iolsep v0.0.0-20240403200747-06510a3258fa h1:pizKj9zyYLbbSiG6eVZkF/B4n1wHmcy4+QS54lnW59k=
github.com/reiver/go-iolsep v0.0.0-20240403200747-06510a3258fa/go.mod h1:8yLTiIG9EfrSvaNxpfsle3WsrF0K33X/tCSnowfT5xw=
github.com/reiver/go-iopsep v0.0.0-20240403200735-607acd3df170 h1:JuB4LcHbipPM44cqFcCxZ6QIFK1/EvjgMpkQPhxyVtA=
github.com/reiver/go-iopsep v0.0.0-20240403200735-607acd3df170/go.mod h1:HjWawxxLUfBbwPHsOAULVSp5XfDXLexIYeA8S2I6qos=
github.com/reiver/go-json v0.0.0-20240809035039-2f83bc2e8c10 h1:LbFL8s+beVbEfnCymQAbRVtG8ihlL67XKvqM17EqGK0=
github.com/reiver/go-json v0.0.0-20240809035039-2f83bc2e8c10/go.mod h1:ns4kpzbK+OyMUZYT8UmBxrsYWNmvB/irZGmyIh99cxY=
github.com/reiver/go-lck v0.0.0-20240808133902-b56df221c39f h1:KBVWBoNIM8mHkUR3dP64hm2p2vxoD5xHZ6wUllCjFTc=
github.com/reiver/go-lck v0.0.0-20240808133902-b56df221c39f/go.mod h1:PFseSi8S0CBkc+YB6jYWtogPk83LumclnYJZZBQJJhs=
github.com/reiver/go-opt v0.0.0-20240809035328-1ff08dec9bc4 h1:KQ/PDBRaJb69hmMmOs/jM8q679y9v51lY7tjX2FUkog=
github.com/reiver/go-opt v0.0.0-20240809035328-1ff08dec9bc4/go.mod h1:3lRqhDIwZ4OaMNN6Z5rmHCX8up18IkLGuw2rxP9GrYo=
github.com/reiver/go-path v0.0.0-20240327181650-5f2ee05890d8 h1:8JFCnRV4GVjP8XUFuXvCH42o4fXHSkGcUkfsloB+LeY=
github.com/reiver/go-path v0.0.0-20240327181650-5f2ee05890d8/go.mod h1:4H3fxXTRSuvWviraF1tFTVXhRciV8KFGq5tzo1gb2Tk=
github.com/reiver/go-peek v0.0.0-20240404231846-cdb8a84b0a23 h1:VzCXSTCzEZ51Mp3gGb9rj0AWCWWOdgd9WtRa5YOiZww=
github.com/reiver/go-peek v0.0.0-20240404231846-cdb8a84b0a23/go.mod h1:1TwOoWDvmNTvpTuWIcgsjLagTMWfsTm/DDxQFh+9GHo=
github.com/reiver/go-skip v0.0.0-20240502143132-534e2b40ea14 h1:JNVd8zAkV8z63coIrJNTFAvAhCad/zYwuBaDyf3Z9hs=
github.com/reiver/go-skip v0.0.0-20240502143132-534e2b40ea14/go.mod h1:+28cz0ac310x7agCmiTCKtUXdxh6nQpBTEAhdV2p83k=
github.com/reiver/go-strfs v0.0.0-20240825123104-a22d8dfd04d4 h1:+jwuqCDWORvXNDTMa9DQ5dEd9u/jOpj4XqGVG/B5E1w=
github.com/reiver/go-strfs v0.0.0-20240825123104-a22d8dfd04d4/go.mod h1:WH8mfjs3Mpv2+U7cDIuQieN9opUoD4AuwPqn8M8EtKA=
github.com/reiver/go-unicode v0.0.0-20240330202432-e385f372c7f8 h1:nVeubG6cNuKtxg83omhjqwsuGmWoEevARXgCEy/b7mk=
github.com/reiver/go-unicode v0.0.0-20240330202432-e385f372c7f8/go.mod h1:oQfIIPgO9kwaidcFsKuyAXEODc15w+F1XNl0neJbkVw=
github.com/reiver/go-utf8 v2.0.2-0.20240825112455-f6c2bd439d4f+incompatible h1:UnOzxDADv3uDI9QB8xh3ZAAmnaWyp7NlV2ny7K8FlG0=
github.com/reiver/go-utf8 v2.0.2-0.20240825112455-f6c2bd439d4f+incompatible/go.mod h1:tfGntNDUeEZIAsz0mTu0lF7/IlErc+BpQgO6yxYmJig=
github.com/reiver/go-val v0.0.0-20241230161832-6c8b2de5bc88 h1:6l+oTydKdg8zAlruyV0KNuRoQGPNeqImTWLwXHr2Lgs=
github.com/reiver/go-val v0.0.0-20241230161832-6c8b2de5bc88/go.mod h1:lljtHDZyA3obpekXp1FyqECmF4IjVlQYUmUnrRReDAw=
github.com/reiver/go-wikiwiki v0.0.0-20250117230010-3169567ccfad h1:NWHFfMgACAb92KfrUyp2VJDmoAF8Erjm2sZfyQq6iD4=
github.com/reiver/go-wikiwiki v0.0.0-20250117230010-3169567ccfad/go.mod h1:tdibIeFHhJ2tt0jFF45ApkudFA3xIocBaj3vIvqfFc4=
sourcecode.social/reiver/go-erorr v0.0.0-20230922202459-231149d185a1 h1:wpnz4JicQBLWrgGphYBls7DysIFCcnWgDz/vce/sY8E=
sourcecode.social/reiver/go-erorr v0.0.0-20230922202459-231149d185a1/go.mod h1:NFtd7fzEf0r6A6R7JXYZfayRhPaJy0zt/18VWoLzrxA=
sourcecode.social/reiver/go-utf8 v0.0.0-20240331163454-e474e88f6f3c h1:o5uFBZOZlxYyuMp29iedkciwMtSJW9SpFS9hkYPSQEg=
sourcecode.social/reiver/go-utf8 v0.0.0-20240331163454-e474e88f6f3c/go.mod h1:xZZIkdX6xIkkzalD1YTiM1F3Os9xPaIY7z9s6EBDmCI=
