github.com/reiver/go-ascii v0.0.0-20241231150941-77b5f046e732 h1:ZuWdUYMnbfBtCN/FpAPceMw1kNYNH1eGslBFmqMLTMc=
github.com/reiver/go-ascii v0.0.0-20241231150941-77b5f046e732/go.mod h1:f43/Y1zpLvqorZN0BelarPzO2GrotAQrBy3T08NUSTM=
github.com/reiver/go-cast v0.0.0-20250101182008-cd84ca728c05 h1:ZvknA0+Y+n2gK0obB3ssl31Ua6i+Ypsy6ZplZdsPXfo=
github.com/reiver/go-cast v0.0.0-20250101182008-cd84ca728c05/go.mod h1:baMIic1VWx4m5MRviwSyHFx1Z6POGMRrnVgsMvsLlAA=
github.com/reiver/go-eol v0.0.0-20241228123402-bd09ae292d56 h1:CpBXj0gkhyOX89L3n/zr7Nf90EIV5aPDQ5+EEMugXUs=
github.com/reiver/go-eol v0.0.0-20241228123402-bd09ae292d56/go.mod h1:skwhMxG345FmpnAWJLjxGsc6qQaKB7WkiPfahuvrH04=
github.com/reiver/go-erorr v0.0.0-20240801233437-8cbde6d1fa3f h1:D1QSxKHm8U73XhjsW3SFLkT0zT5pKJi+1KGboMhY1Rk=
github.com/reiver/go-erorr v0.0.0-20240801233437-8cbde6d1fa3f/go.mod h1:F0HbBf+Ak2ZlE8YkDW4Y+KxaUmT0KaaIJK6CXY3cJxE=
github.com/reiver/go-humane v0.0.0-20250101051026-1edff680dc45 h1:2JakqwjPRsBKUoTHXMX9mddtCrVOImgkj2KxyLek+Zk=
github.com/reiver/go-humane v0.0.0-20250101051026-1edff680dc45/go.mod h1:jfTsMX5lkwcv6mnIU/yrkUajKg8zzEgZuPRy1FonHr4=
github.com/reiver/go-ini v0.0.0-20250117012055-40a8b46fb709 h1:xKFcA+ZHawlQtkhHl+rEqZLbSgSrtByH2uWHJgbhi0I=
github.com/reiver/go-ini v0.0.0-20250117012055-40a8b46fb709/go.mod h1:XP8aIAk5/bH3PLP5IObjMT2iCcJGNIxDipKiEJC+AJg=
github.com/reiver/go-unicode v0.0.0-20240330202432-e385f372c7f8 h1:nVeubG6cNuKtxg83omhjqwsuGmWoEevARXgCEy/b7mk=
github.com/reiver/go-unicode v0.0.0-20240330202432-e385f372c7f8/go.mod h1:oQfIIPgO9kwaidcFsKuyAXEODc15w+F1XNl0neJbkVw=
github.com/reiver/go-val v0.0.0-20241230161832-6c8b2de5bc88 h1:6l+oTydKdg8zAlruyV0KNuRoQGPNeqImTWLwXHr2Lgs=
github.com/reiver/go-val v0.0.0-20241230161832-6c8b2de5bc88/go.mod h1:lljtHDZyA3obpekXp1FyqECmF4IjVlQYUmUnrRReDAw=
